{
  "requires": true,
  "lockfileVersion": 1,
  "dependencies": {
    "font-awesome-filetypes": {
      "version": "2.0.1",
      "resolved": "https://registry.npmjs.org/font-awesome-filetypes/-/font-awesome-filetypes-2.0.1.tgz",
      "integrity": "sha512-Jv0bRC+2ypCdN8+a0qgzl9KGl/oTurJsSqlZhQmfg5e1/X1hDRSvWp3eMeB9wrB6kndWUS6rTNHdBPVhNPCF8g=="
    },
    "font-awesome-icon-chars": {
      "version": "2.4.0",
      "resolved": "https://registry.npmjs.org/font-awesome-icon-chars/-/font-awesome-icon-chars-2.4.0.tgz",
      "integrity": "sha512-bA5FiACVDeZGhQtARIzSrZhnTCv6M20MDUPCVfwdn2PacGDwL4v0J4Pth1SAKcBIxbIAGgkm/ZW0m5D03/4S1A=="
    }
  }
}
